
Microsoft Visual Studio Solution File, Format Version 12.00
# Visual Studio Version 17
VisualStudioVersion = 17.6.33712.159
MinimumVisualStudioVersion = 10.0.40219.1
Project("{888888A0-9F3D-457C-B088-3A5042F75D52}") = "CPUBenchmark", "CPUBenchmark\CPUBenchmark.pyproj", "{6182FF39-46BE-43DF-9519-6812C30C7190}"
EndProject
Global
	GlobalSection(SolutionConfigurationPlatforms) = preSolution
		Debug|Any CPU = Debug|Any CPU
		Release|Any CPU = Release|Any CPU
	EndGlobalSection
	GlobalSection(ProjectConfigurationPlatforms) = postSolution
		{6182FF39-46BE-43DF-9519-6812C30C7190}.Debug|Any CPU.ActiveCfg = Debug|Any CPU
		{6182FF39-46BE-43DF-9519-6812C30C7190}.Release|Any CPU.ActiveCfg = Release|Any CPU
	EndGlobalSection
	GlobalSection(SolutionProperties) = preSolution
		HideSolutionNode = FALSE
	EndGlobalSection
	GlobalSection(ExtensibilityGlobals) = postSolution
		SolutionGuid = {509F563B-AC07-43B7-A0F9-411B5C70EE0A}
	EndGlobalSection
EndGlobal
